Microsoft Visual Studio Solution File, Format Version 9.00
# Visual Studio 2005
Project("{FAE04EC0-301F-11D3-BF4B-00C04F79EFBC}") = "CIPS.Express.ConvertDat", "CIPS.Express.ConvertDat.csproj", "{3EDD273D-86A2-4561-9AEF-796B2DBB3C27}"
EndProject
Global
	GlobalSection(SolutionConfigurationPlatforms) = preSolution
		Debug|Any CPU = Debug|Any CPU
		Release|Any CPU = Release|Any CPU
	EndGlobalSection
	GlobalSection(ProjectConfigurationPlatforms) = postSolution
		{3EDD273D-86A2-4561-9AEF-796B2DBB3C27}.Debug|Any CPU.ActiveCfg = Debug|x86
		{3EDD273D-86A2-4561-9AEF-796B2DBB3C27}.Debug|Any CPU.Build.0 = Debug|x86
		{3EDD273D-86A2-4561-9AEF-796B2DBB3C27}.Release|Any CPU.ActiveCfg = Release|Any CPU
		{3EDD273D-86A2-4561-9AEF-796B2DBB3C27}.Release|Any CPU.Build.0 = Release|Any CPU
	EndGlobalSection
	GlobalSection(SolutionProperties) = preSolution
		HideSolutionNode = FALSE
	EndGlobalSection
EndGlobal
