
Microsoft Visual Studio Solution File, Format Version 12.00
# Visual Studio 15
VisualStudioVersion = 15.0.27004.2005
MinimumVisualStudioVersion = 10.0.40219.1
Project("{FAE04EC0-301F-11D3-BF4B-00C04F79EFBC}") = "TransMsgByPkgsHelper", "TransMsgByPkgs\TransMsgByPkgsHelper.csproj", "{01341E67-6C00-47D8-B9E9-DB75A6001460}"
EndProject
Project("{FAE04EC0-301F-11D3-BF4B-00C04F79EFBC}") = "SendMsgDemo", "SendMsgDemo\SendMsgDemo.csproj", "{8BE21FF3-B967-4173-9640-3144149E1D87}"
EndProject
Project("{FAE04EC0-301F-11D3-BF4B-00C04F79EFBC}") = "RsvMsgDemo", "RsvMsgDemo\RsvMsgDemo.csproj", "{3B44B321-82CB-4A07-91AB-884520B14C02}"
EndProject
Global
	GlobalSection(SolutionConfigurationPlatforms) = preSolution
		Debug|Any CPU = Debug|Any CPU
		Release|Any CPU = Release|Any CPU
	EndGlobalSection
	GlobalSection(ProjectConfigurationPlatforms) = postSolution
		{01341E67-6C00-47D8-B9E9-DB75A6001460}.Debug|Any CPU.ActiveCfg = Debug|Any CPU
		{01341E67-6C00-47D8-B9E9-DB75A6001460}.Debug|Any CPU.Build.0 = Debug|Any CPU
		{01341E67-6C00-47D8-B9E9-DB75A6001460}.Release|Any CPU.ActiveCfg = Release|Any CPU
		{01341E67-6C00-47D8-B9E9-DB75A6001460}.Release|Any CPU.Build.0 = Release|Any CPU
		{8BE21FF3-B967-4173-9640-3144149E1D87}.Debug|Any CPU.ActiveCfg = Debug|Any CPU
		{8BE21FF3-B967-4173-9640-3144149E1D87}.Debug|Any CPU.Build.0 = Debug|Any CPU
		{8BE21FF3-B967-4173-9640-3144149E1D87}.Release|Any CPU.ActiveCfg = Release|Any CPU
		{8BE21FF3-B967-4173-9640-3144149E1D87}.Release|Any CPU.Build.0 = Release|Any CPU
		{3B44B321-82CB-4A07-91AB-884520B14C02}.Debug|Any CPU.ActiveCfg = Debug|Any CPU
		{3B44B321-82CB-4A07-91AB-884520B14C02}.Debug|Any CPU.Build.0 = Debug|Any CPU
		{3B44B321-82CB-4A07-91AB-884520B14C02}.Release|Any CPU.ActiveCfg = Release|Any CPU
		{3B44B321-82CB-4A07-91AB-884520B14C02}.Release|Any CPU.Build.0 = Release|Any CPU
	EndGlobalSection
	GlobalSection(SolutionProperties) = preSolution
		HideSolutionNode = FALSE
	EndGlobalSection
	GlobalSection(ExtensibilityGlobals) = postSolution
		SolutionGuid = {B34FF352-4AC4-46E1-9E35-4EF28422E240}
	EndGlobalSection
EndGlobal
